
Microsoft Visual Studio Solution File, Format Version 12.00
Project("{FAE04EC0-301F-11D3-BF4B-00C04F79EFBC}") = "Portfolio.Blazor", "Portfolio.Blazor\Portfolio.Blazor.csproj", "{35034BB0-C848-4B64-8FEF-A5201439E3A3}"
EndProject
Global
	GlobalSection(SolutionConfigurationPlatforms) = preSolution
		Debug|Any CPU = Debug|Any CPU
		Release|Any CPU = Release|Any CPU
	EndGlobalSection
	GlobalSection(ProjectConfigurationPlatforms) = postSolution
		{35034BB0-C848-4B64-8FEF-A5201439E3A3}.Debug|Any CPU.ActiveCfg = Debug|Any CPU
		{35034BB0-C848-4B64-8FEF-A5201439E3A3}.Debug|Any CPU.Build.0 = Debug|Any CPU
		{35034BB0-C848-4B64-8FEF-A5201439E3A3}.Release|Any CPU.ActiveCfg = Release|Any CPU
		{35034BB0-C848-4B64-8FEF-A5201439E3A3}.Release|Any CPU.Build.0 = Release|Any CPU
	EndGlobalSection
	GlobalSection(NestedProjects) = preSolution
	EndGlobalSection
EndGlobal
